
Microsoft Visual Studio Solution File, Format Version 12.00
# Visual Studio Version 17
VisualStudioVersion = 17.7.34031.279
MinimumVisualStudioVersion = 10.0.40219.1
Project("{9A19103F-16F7-4668-BE54-9A1E7A4F7556}") = "Booking_Application", "Booking_Application\Booking_Application.csproj", "{861FBA70-9EA5-4F2A-A590-3BF3562E6041}"
EndProject
Project("{9A19103F-16F7-4668-BE54-9A1E7A4F7556}") = "Booking_Business", "Booking_Business\Booking_Business.csproj", "{020F7CB8-F5B5-4334-AD0B-6211A4F9AD7B}"
EndProject
Project("{FAE04EC0-301F-11D3-BF4B-00C04F79EFBC}") = "Booking_DataAccess", "Booking_DataAccess\Booking_DataAccess.csproj", "{0FB042A3-826D-42C8-BACF-5924D829DEF5}"
EndProject
Global
	GlobalSection(SolutionConfigurationPlatforms) = preSolution
		Debug|Any CPU = Debug|Any CPU
		Release|Any CPU = Release|Any CPU
	EndGlobalSection
	GlobalSection(ProjectConfigurationPlatforms) = postSolution
		{861FBA70-9EA5-4F2A-A590-3BF3562E6041}.Debug|Any CPU.ActiveCfg = Debug|Any CPU
		{861FBA70-9EA5-4F2A-A590-3BF3562E6041}.Debug|Any CPU.Build.0 = Debug|Any CPU
		{861FBA70-9EA5-4F2A-A590-3BF3562E6041}.Release|Any CPU.ActiveCfg = Release|Any CPU
		{861FBA70-9EA5-4F2A-A590-3BF3562E6041}.Release|Any CPU.Build.0 = Release|Any CPU
		{020F7CB8-F5B5-4334-AD0B-6211A4F9AD7B}.Debug|Any CPU.ActiveCfg = Debug|Any CPU
		{020F7CB8-F5B5-4334-AD0B-6211A4F9AD7B}.Debug|Any CPU.Build.0 = Debug|Any CPU
		{020F7CB8-F5B5-4334-AD0B-6211A4F9AD7B}.Release|Any CPU.ActiveCfg = Release|Any CPU
		{020F7CB8-F5B5-4334-AD0B-6211A4F9AD7B}.Release|Any CPU.Build.0 = Release|Any CPU
		{0FB042A3-826D-42C8-BACF-5924D829DEF5}.Debug|Any CPU.ActiveCfg = Debug|Any CPU
		{0FB042A3-826D-42C8-BACF-5924D829DEF5}.Debug|Any CPU.Build.0 = Debug|Any CPU
		{0FB042A3-826D-42C8-BACF-5924D829DEF5}.Release|Any CPU.ActiveCfg = Release|Any CPU
		{0FB042A3-826D-42C8-BACF-5924D829DEF5}.Release|Any CPU.Build.0 = Release|Any CPU
	EndGlobalSection
	GlobalSection(SolutionProperties) = preSolution
		HideSolutionNode = FALSE
	EndGlobalSection
	GlobalSection(ExtensibilityGlobals) = postSolution
		SolutionGuid = {22CA5EC1-B244-4D4E-A1E0-B49967C9385B}
	EndGlobalSection
EndGlobal
